
Microsoft Visual Studio Solution File, Format Version 12.00
# Visual Studio Version 16
VisualStudioVersion = 16.0.31005.135
MinimumVisualStudioVersion = 10.0.40219.1
Project("{FAE04EC0-301F-11D3-BF4B-00C04F79EFBC}") = "Workaround", "Workaround\Workaround.csproj", "{6735C302-30E5-4561-8E2F-474EA86C5DA2}"
EndProject
Project("{FAE04EC0-301F-11D3-BF4B-00C04F79EFBC}") = "Entities", "Entities\Entities.csproj", "{D5369887-85EF-4D5F-96D2-DF67EC36F2E3}"
EndProject
Project("{FAE04EC0-301F-11D3-BF4B-00C04F79EFBC}") = "Business", "Business\Business.csproj", "{37B20085-6FC0-42A8-BF56-082CB9A32C21}"
EndProject
Global
	GlobalSection(SolutionConfigurationPlatforms) = preSolution
		Debug|Any CPU = Debug|Any CPU
		Release|Any CPU = Release|Any CPU
	EndGlobalSection
	GlobalSection(ProjectConfigurationPlatforms) = postSolution
		{6735C302-30E5-4561-8E2F-474EA86C5DA2}.Debug|Any CPU.ActiveCfg = Debug|Any CPU
		{6735C302-30E5-4561-8E2F-474EA86C5DA2}.Debug|Any CPU.Build.0 = Debug|Any CPU
		{6735C302-30E5-4561-8E2F-474EA86C5DA2}.Release|Any CPU.ActiveCfg = Release|Any CPU
		{6735C302-30E5-4561-8E2F-474EA86C5DA2}.Release|Any CPU.Build.0 = Release|Any CPU
		{D5369887-85EF-4D5F-96D2-DF67EC36F2E3}.Debug|Any CPU.ActiveCfg = Debug|Any CPU
		{D5369887-85EF-4D5F-96D2-DF67EC36F2E3}.Debug|Any CPU.Build.0 = Debug|Any CPU
		{D5369887-85EF-4D5F-96D2-DF67EC36F2E3}.Release|Any CPU.ActiveCfg = Release|Any CPU
		{D5369887-85EF-4D5F-96D2-DF67EC36F2E3}.Release|Any CPU.Build.0 = Release|Any CPU
		{37B20085-6FC0-42A8-BF56-082CB9A32C21}.Debug|Any CPU.ActiveCfg = Debug|Any CPU
		{37B20085-6FC0-42A8-BF56-082CB9A32C21}.Debug|Any CPU.Build.0 = Debug|Any CPU
		{37B20085-6FC0-42A8-BF56-082CB9A32C21}.Release|Any CPU.ActiveCfg = Release|Any CPU
		{37B20085-6FC0-42A8-BF56-082CB9A32C21}.Release|Any CPU.Build.0 = Release|Any CPU
	EndGlobalSection
	GlobalSection(SolutionProperties) = preSolution
		HideSolutionNode = FALSE
	EndGlobalSection
	GlobalSection(ExtensibilityGlobals) = postSolution
		SolutionGuid = {BB540681-122C-4928-893C-49204E229669}
	EndGlobalSection
EndGlobal
